<?xml version="1.0" encoding="utf-8"?>
<Project ToolsVersion="4.0" xmlns="http://schemas.microsoft.com/developer/msbuild/2003">
  <ItemGroup>
    <Filter Include="Source Files">
      <UniqueIdentifier>{4FC737F1-C7A5-4376-A066-2A32D752A2FF}</UniqueIdentifier>
      <Extensions>cpp;c;cc;cxx;def;odl;idl;hpj;bat;asm;asmx</Extensions>
    </Filter>
    <Filter Include="Header Files">
      <UniqueIdentifier>{93995380-89BD-4b04-88EB-625FBE52EBFB}</UniqueIdentifier>
      <Extensions>h;hh;hpp;hxx;hm;inl;inc;xsd</Extensions>
    </Filter>
    <Filter Include="Resource Files">
      <UniqueIdentifier>{67DA6AB6-F800-4c08-8B7A-83BB121AAD01}</UniqueIdentifier>
      <Extensions>rc;ico;cur;bmp;dlg;rc2;rct;bin;rgs;gif;jpg;jpeg;jpe;resx;tiff;tif;png;wav;mfcribbon-ms</Extensions>
    </Filter>
  </ItemGroup>
  <ItemGroup>
    <Text Include="ReadMe.txt" />
  </ItemGroup>
  <ItemGroup>
    <ClInclude Include="Klub.h">
      <Filter>Header Files</Filter>
    </ClInclude>
    <ClInclude Include="stdafx.h">
      <Filter>Header Files</Filter>
    </ClInclude>
    <ClInclude Include="targetver.h">
      <Filter>Header Files</Filter>
    </ClInclude>
    <ClInclude Include="MainFrm.h">
      <Filter>Header Files</Filter>
    </ClInclude>
    <ClInclude Include="KlubDoc.h">
      <Filter>Header Files</Filter>
    </ClInclude>
    <ClInclude Include="KlubView.h">
      <Filter>Header Files</Filter>
    </ClInclude>
    <ClInclude Include="KlubSet.h">
      <Filter>Header Files</Filter>
    </ClInclude>
    <ClInclude Include="Resource.h">
      <Filter>Header Files</Filter>
    </ClInclude>
    <ClInclude Include="DialogClanarine.h">
      <Filter>Header Files</Filter>
    </ClInclude>
    <ClInclude Include="DialogClanovi.h">
      <Filter>Header Files</Filter>
    </ClInclude>
    <ClInclude Include="Dialog_prikaz_clanova.h">
      <Filter>Header Files</Filter>
    </ClInclude>
    <ClInclude Include="Dialog_prikaz_clanarina.h">
      <Filter>Header Files</Filter>
    </ClInclude>
    <ClInclude Include="Dialog_Natjecanja.h">
      <Filter>Header Files</Filter>
    </ClInclude>
    <ClInclude Include="Dialog_Prikaz_Natjecanja.h">
      <Filter>Header Files</Filter>
    </ClInclude>
    <ClInclude Include="ClanoviSet.h">
      <Filter>Header Files</Filter>
    </ClInclude>
    <ClInclude Include="ClanarineSet.h">
      <Filter>Header Files</Filter>
    </ClInclude>
    <ClInclude Include="NatjecanjaSet.h">
      <Filter>Header Files</Filter>
    </ClInclude>
    <ClInclude Include="RezultatiSet.h">
      <Filter>Header Files</Filter>
    </ClInclude>
  </ItemGroup>
  <ItemGroup>
    <ClCompile Include="Klub.cpp">
      <Filter>Source Files</Filter>
    </ClCompile>
    <ClCompile Include="stdafx.cpp">
      <Filter>Source Files</Filter>
    </ClCompile>
    <ClCompile Include="MainFrm.cpp">
      <Filter>Source Files</Filter>
    </ClCompile>
    <ClCompile Include="KlubDoc.cpp">
      <Filter>Source Files</Filter>
    </ClCompile>
    <ClCompile Include="KlubView.cpp">
      <Filter>Source Files</Filter>
    </ClCompile>
    <ClCompile Include="KlubSet.cpp">
      <Filter>Source Files</Filter>
    </ClCompile>
    <ClCompile Include="DialogClanarine.cpp">
      <Filter>Source Files</Filter>
    </ClCompile>
    <ClCompile Include="DialogClanovi.cpp">
      <Filter>Source Files</Filter>
    </ClCompile>
    <ClCompile Include="Dialog_prikaz_clanova.cpp">
      <Filter>Source Files</Filter>
    </ClCompile>
    <ClCompile Include="Dialog_prikaz_clanarina.cpp">
      <Filter>Source Files</Filter>
    </ClCompile>
    <ClCompile Include="Dialog_Natjecanja.cpp">
      <Filter>Source Files</Filter>
    </ClCompile>
    <ClCompile Include="Dialog_Prikaz_Natjecanja.cpp">
      <Filter>Source Files</Filter>
    </ClCompile>
    <ClCompile Include="ClanoviSet.cpp">
      <Filter>Source Files</Filter>
    </ClCompile>
    <ClCompile Include="ClanarineSet.cpp">
      <Filter>Source Files</Filter>
    </ClCompile>
    <ClCompile Include="NatjecanjaSet.cpp">
      <Filter>Source Files</Filter>
    </ClCompile>
    <ClCompile Include="RezultatiSet.cpp">
      <Filter>Source Files</Filter>
    </ClCompile>
  </ItemGroup>
  <ItemGroup>
    <ResourceCompile Include="Klub.rc">
      <Filter>Resource Files</Filter>
    </ResourceCompile>
  </ItemGroup>
  <ItemGroup>
    <None Include="res\Klub.rc2">
      <Filter>Resource Files</Filter>
    </None>
  </ItemGroup>
  <ItemGroup>
    <Image Include="res\KlubDoc.ico">
      <Filter>Resource Files</Filter>
    </Image>
    <Image Include="res\Klub.ico">
      <Filter>Resource Files</Filter>
    </Image>
    <Image Include="res\Toolbar.bmp">
      <Filter>Resource Files</Filter>
    </Image>
    <Image Include="res\KarateIcon.ico">
      <Filter>Resource Files</Filter>
    </Image>
  </ItemGroup>
</Project>